// !$*UTF8*$!
{
	archiveVersion = 1;
	classes = {
	};
	objectVersion = 56;
	objects = {

/* Begin PBXBuildFile section */
		4AB4005A298FCE10008E02F8 /* AppDelegate.swift in Sources */ = {isa = PBXBuildFile; fileRef = 4AB40059298FCE10008E02F8 /* AppDelegate.swift */; };
		4AB4005C298FCE10008E02F8 /* SceneDelegate.swift in Sources */ = {isa = PBXBuildFile; fileRef = 4AB4005B298FCE10008E02F8 /* SceneDelegate.swift */; };
		4AB40064298FCE10008E02F8 /* Proj_on_core_data.xcdatamodeld in Sources */ = {isa = PBXBuildFile; fileRef = 4AB40062298FCE10008E02F8 /* Proj_on_core_data.xcdatamodeld */; };
		4AB40066298FCE12008E02F8 /* Assets.xcassets in Resources */ = {isa = PBXBuildFile; fileRef = 4AB40065298FCE12008E02F8 /* Assets.xcassets */; };
		4AB40069298FCE12008E02F8 /* LaunchScreen.storyboard in Resources */ = {isa = PBXBuildFile; fileRef = 4AB40067298FCE12008E02F8 /* LaunchScreen.storyboard */; };
		4AB40073298FCFC3008E02F8 /* NetworkService.swift in Sources */ = {isa = PBXBuildFile; fileRef = 4AB40072298FCFC3008E02F8 /* NetworkService.swift */; };
		4AB40075298FCFCA008E02F8 /* Model.swift in Sources */ = {isa = PBXBuildFile; fileRef = 4AB40074298FCFCA008E02F8 /* Model.swift */; };
		4AB40077298FCFDB008E02F8 /* DetailPresenter.swift in Sources */ = {isa = PBXBuildFile; fileRef = 4AB40076298FCFDB008E02F8 /* DetailPresenter.swift */; };
		4AB40079298FD015008E02F8 /* DetailViewController.swift in Sources */ = {isa = PBXBuildFile; fileRef = 4AB40078298FD015008E02F8 /* DetailViewController.swift */; };
		4AB4007D298FD04B008E02F8 /* MainViewController.swift in Sources */ = {isa = PBXBuildFile; fileRef = 4AB4007C298FD04B008E02F8 /* MainViewController.swift */; };
		4AB4007F298FD05A008E02F8 /* MainPresenter.swift in Sources */ = {isa = PBXBuildFile; fileRef = 4AB4007E298FD05A008E02F8 /* MainPresenter.swift */; };
		4AB40081298FD078008E02F8 /* CustomTableViewCell.swift in Sources */ = {isa = PBXBuildFile; fileRef = 4AB40080298FD078008E02F8 /* CustomTableViewCell.swift */; };
		4AB40083298FD087008E02F8 /* Router.swift in Sources */ = {isa = PBXBuildFile; fileRef = 4AB40082298FD087008E02F8 /* Router.swift */; };
		4AB40085298FD09B008E02F8 /* MainAssembly.swift in Sources */ = {isa = PBXBuildFile; fileRef = 4AB40084298FD09B008E02F8 /* MainAssembly.swift */; };
		4AB40087298FD0B2008E02F8 /* WebViewController.swift in Sources */ = {isa = PBXBuildFile; fileRef = 4AB40086298FD0B2008E02F8 /* WebViewController.swift */; };
		4AB40089298FD36A008E02F8 /* ExtensionString.swift in Sources */ = {isa = PBXBuildFile; fileRef = 4AB40088298FD36A008E02F8 /* ExtensionString.swift */; };
		4AB4008B298FD435008E02F8 /* ExtensionUIImage.swift in Sources */ = {isa = PBXBuildFile; fileRef = 4AB4008A298FD435008E02F8 /* ExtensionUIImage.swift */; };
/* End PBXBuildFile section */

/* Begin PBXFileReference section */
		4AB40056298FCE10008E02F8 /* NewsAppForTinkoffTrainee.app */ = {isa = PBXFileReference; explicitFileType = wrapper.application; includeInIndex = 0; path = NewsAppForTinkoffTrainee.app; sourceTree = BUILT_PRODUCTS_DIR; };
		4AB40059298FCE10008E02F8 /* AppDelegate.swift */ = {isa = PBXFileReference; lastKnownFileType = sourcecode.swift; path = AppDelegate.swift; sourceTree = "<group>"; };
		4AB4005B298FCE10008E02F8 /* SceneDelegate.swift */ = {isa = PBXFileReference; lastKnownFileType = sourcecode.swift; path = SceneDelegate.swift; sourceTree = "<group>"; };
		4AB40063298FCE10008E02F8 /* Proj_on_core_data.xcdatamodel */ = {isa = PBXFileReference; lastKnownFileType = wrapper.xcdatamodel; path = Proj_on_core_data.xcdatamodel; sourceTree = "<group>"; };
		4AB40065298FCE12008E02F8 /* Assets.xcassets */ = {isa = PBXFileReference; lastKnownFileType = folder.assetcatalog; path = Assets.xcassets; sourceTree = "<group>"; };
		4AB40068298FCE12008E02F8 /* Base */ = {isa = PBXFileReference; lastKnownFileType = file.storyboard; name = Base; path = Base.lproj/LaunchScreen.storyboard; sourceTree = "<group>"; };
		4AB4006A298FCE12008E02F8 /* Info.plist */ = {isa = PBXFileReference; lastKnownFileType = text.plist.xml; path = Info.plist; sourceTree = "<group>"; };
		4AB40072298FCFC3008E02F8 /* NetworkService.swift */ = {isa = PBXFileReference; lastKnownFileType = sourcecode.swift; path = NetworkService.swift; sourceTree = "<group>"; };
		4AB40074298FCFCA008E02F8 /* Model.swift */ = {isa = PBXFileReference; lastKnownFileType = sourcecode.swift; path = Model.swift; sourceTree = "<group>"; };
		4AB40076298FCFDB008E02F8 /* DetailPresenter.swift */ = {isa = PBXFileReference; lastKnownFileType = sourcecode.swift; path = DetailPresenter.swift; sourceTree = "<group>"; };
		4AB40078298FD015008E02F8 /* DetailViewController.swift */ = {isa = PBXFileReference; lastKnownFileType = sourcecode.swift; path = DetailViewController.swift; sourceTree = "<group>"; };
		4AB4007C298FD04B008E02F8 /* MainViewController.swift */ = {isa = PBXFileReference; lastKnownFileType = sourcecode.swift; path = MainViewController.swift; sourceTree = "<group>"; };
		4AB4007E298FD05A008E02F8 /* MainPresenter.swift */ = {isa = PBXFileReference; lastKnownFileType = sourcecode.swift; path = MainPresenter.swift; sourceTree = "<group>"; };
		4AB40080298FD078008E02F8 /* CustomTableViewCell.swift */ = {isa = PBXFileReference; lastKnownFileType = sourcecode.swift; path = CustomTableViewCell.swift; sourceTree = "<group>"; };
		4AB40082298FD087008E02F8 /* Router.swift */ = {isa = PBXFileReference; lastKnownFileType = sourcecode.swift; path = Router.swift; sourceTree = "<group>"; };
		4AB40084298FD09B008E02F8 /* MainAssembly.swift */ = {isa = PBXFileReference; lastKnownFileType = sourcecode.swift; path = MainAssembly.swift; sourceTree = "<group>"; };
		4AB40086298FD0B2008E02F8 /* WebViewController.swift */ = {isa = PBXFileReference; lastKnownFileType = sourcecode.swift; path = WebViewController.swift; sourceTree = "<group>"; };
		4AB40088298FD36A008E02F8 /* ExtensionString.swift */ = {isa = PBXFileReference; lastKnownFileType = sourcecode.swift; path = ExtensionString.swift; sourceTree = "<group>"; };
		4AB4008A298FD435008E02F8 /* ExtensionUIImage.swift */ = {isa = PBXFileReference; lastKnownFileType = sourcecode.swift; path = ExtensionUIImage.swift; sourceTree = "<group>"; };
/* End PBXFileReference section */

/* Begin PBXFrameworksBuildPhase section */
		4AB40053298FCE10008E02F8 /* Frameworks */ = {
			isa = PBXFrameworksBuildPhase;
			buildActionMask = 2147483647;
			files = (
			);
			runOnlyForDeploymentPostprocessing = 0;
		};
/* End PBXFrameworksBuildPhase section */

/* Begin PBXGroup section */
		4AB4004D298FCE10008E02F8 = {
			isa = PBXGroup;
			children = (
				4AB40058298FCE10008E02F8 /* Proj on core data */,
				4AB40057298FCE10008E02F8 /* Products */,
			);
			sourceTree = "<group>";
		};
		4AB40057298FCE10008E02F8 /* Products */ = {
			isa = PBXGroup;
			children = (
				4AB40056298FCE10008E02F8 /* NewsAppForTinkoffTrainee.app */,
			);
			name = Products;
			sourceTree = "<group>";
		};
		4AB40058298FCE10008E02F8 /* Proj on core data */ = {
			isa = PBXGroup;
			children = (
				4AB40059298FCE10008E02F8 /* AppDelegate.swift */,
				4AB4005B298FCE10008E02F8 /* SceneDelegate.swift */,
				4AB4008C298FD67B008E02F8 /* Extensions */,
				4AB4008D298FD6D5008E02F8 /* NewsModul */,
				4AB40090298FD762008E02F8 /* NetworkService */,
				4AB40091298FD784008E02F8 /* WebView */,
				4AB40065298FCE12008E02F8 /* Assets.xcassets */,
				4AB40067298FCE12008E02F8 /* LaunchScreen.storyboard */,
				4AB4006A298FCE12008E02F8 /* Info.plist */,
				4AB40062298FCE10008E02F8 /* Proj_on_core_data.xcdatamodeld */,
			);
			path = "Proj on core data";
			sourceTree = "<group>";
		};
		4AB4008C298FD67B008E02F8 /* Extensions */ = {
			isa = PBXGroup;
			children = (
				4AB40088298FD36A008E02F8 /* ExtensionString.swift */,
				4AB4008A298FD435008E02F8 /* ExtensionUIImage.swift */,
			);
			path = Extensions;
			sourceTree = "<group>";
		};
		4AB4008D298FD6D5008E02F8 /* NewsModul */ = {
			isa = PBXGroup;
			children = (
				4AB4008E298FD6F0008E02F8 /* Model */,
			);
			path = NewsModul;
			sourceTree = "<group>";
		};
		4AB4008E298FD6F0008E02F8 /* Model */ = {
			isa = PBXGroup;
			children = (
				4AB40074298FCFCA008E02F8 /* Model.swift */,
				4AB40092298FD7D1008E02F8 /* RouterAndAssembly */,
			);
			path = Model;
			sourceTree = "<group>";
		};
		4AB4008F298FD733008E02F8 /* DetailModul */ = {
			isa = PBXGroup;
			children = (
				4AB40076298FCFDB008E02F8 /* DetailPresenter.swift */,
				4AB40078298FD015008E02F8 /* DetailViewController.swift */,
			);
			path = DetailModul;
			sourceTree = "<group>";
		};
		4AB40090298FD762008E02F8 /* NetworkService */ = {
			isa = PBXGroup;
			children = (
				4AB40072298FCFC3008E02F8 /* NetworkService.swift */,
			);
			path = NetworkService;
			sourceTree = "<group>";
		};
		4AB40091298FD784008E02F8 /* WebView */ = {
			isa = PBXGroup;
			children = (
				4AB40086298FD0B2008E02F8 /* WebViewController.swift */,
			);
			path = WebView;
			sourceTree = "<group>";
		};
		4AB40092298FD7D1008E02F8 /* RouterAndAssembly */ = {
			isa = PBXGroup;
			children = (
				4AB40082298FD087008E02F8 /* Router.swift */,
				4AB40084298FD09B008E02F8 /* MainAssembly.swift */,
				4AB40093298FD81C008E02F8 /* MainViewModul */,
				4AB4008F298FD733008E02F8 /* DetailModul */,
			);
			path = RouterAndAssembly;
			sourceTree = "<group>";
		};
		4AB40093298FD81C008E02F8 /* MainViewModul */ = {
			isa = PBXGroup;
			children = (
				4AB4007C298FD04B008E02F8 /* MainViewController.swift */,
				4AB4007E298FD05A008E02F8 /* MainPresenter.swift */,
				4AB40080298FD078008E02F8 /* CustomTableViewCell.swift */,
			);
			path = MainViewModul;
			sourceTree = "<group>";
		};
/* End PBXGroup section */

/* Begin PBXNativeTarget section */
		4AB40055298FCE10008E02F8 /* NewsAppForTinkoffTrainee */ = {
			isa = PBXNativeTarget;
			buildConfigurationList = 4AB4006D298FCE12008E02F8 /* Build configuration list for PBXNativeTarget "NewsAppForTinkoffTrainee" */;
			buildPhases = (
				4AB40052298FCE10008E02F8 /* Sources */,
				4AB40053298FCE10008E02F8 /* Frameworks */,
				4AB40054298FCE10008E02F8 /* Resources */,
			);
			buildRules = (
			);
			dependencies = (
			);
			name = NewsAppForTinkoffTrainee;
			productName = "Proj on core data";
			productReference = 4AB40056298FCE10008E02F8 /* NewsAppForTinkoffTrainee.app */;
			productType = "com.apple.product-type.application";
		};
/* End PBXNativeTarget section */

/* Begin PBXProject section */
		4AB4004E298FCE10008E02F8 /* Project object */ = {
			isa = PBXProject;
			attributes = {
				BuildIndependentTargetsInParallel = 1;
				LastSwiftUpdateCheck = 1410;
				LastUpgradeCheck = 1410;
				TargetAttributes = {
					4AB40055298FCE10008E02F8 = {
						CreatedOnToolsVersion = 14.1;
					};
				};
			};
			buildConfigurationList = 4AB40051298FCE10008E02F8 /* Build configuration list for PBXProject "NewsAppForTinkoffTrainee" */;
			compatibilityVersion = "Xcode 14.0";
			developmentRegion = en;
			hasScannedForEncodings = 0;
			knownRegions = (
				en,
				Base,
			);
			mainGroup = 4AB4004D298FCE10008E02F8;
			productRefGroup = 4AB40057298FCE10008E02F8 /* Products */;
			projectDirPath = "";
			projectRoot = "";
			targets = (
				4AB40055298FCE10008E02F8 /* NewsAppForTinkoffTrainee */,
			);
		};
/* End PBXProject section */

/* Begin PBXResourcesBuildPhase section */
		4AB40054298FCE10008E02F8 /* Resources */ = {
			isa = PBXResourcesBuildPhase;
			buildActionMask = 2147483647;
			files = (
				4AB40069298FCE12008E02F8 /* LaunchScreen.storyboard in Resources */,
				4AB40066298FCE12008E02F8 /* Assets.xcassets in Resources */,
			);
			runOnlyForDeploymentPostprocessing = 0;
		};
/* End PBXResourcesBuildPhase section */

/* Begin PBXSourcesBuildPhase section */
		4AB40052298FCE10008E02F8 /* Sources */ = {
			isa = PBXSourcesBuildPhase;
			buildActionMask = 2147483647;
			files = (
				4AB40073298FCFC3008E02F8 /* NetworkService.swift in Sources */,
				4AB40087298FD0B2008E02F8 /* WebViewController.swift in Sources */,
				4AB40081298FD078008E02F8 /* CustomTableViewCell.swift in Sources */,
				4AB4005A298FCE10008E02F8 /* AppDelegate.swift in Sources */,
				4AB40089298FD36A008E02F8 /* ExtensionString.swift in Sources */,
				4AB40075298FCFCA008E02F8 /* Model.swift in Sources */,
				4AB40083298FD087008E02F8 /* Router.swift in Sources */,
				4AB40064298FCE10008E02F8 /* Proj_on_core_data.xcdatamodeld in Sources */,
				4AB4007F298FD05A008E02F8 /* MainPresenter.swift in Sources */,
				4AB40077298FCFDB008E02F8 /* DetailPresenter.swift in Sources */,
				4AB4007D298FD04B008E02F8 /* MainViewController.swift in Sources */,
				4AB4005C298FCE10008E02F8 /* SceneDelegate.swift in Sources */,
				4AB40079298FD015008E02F8 /* DetailViewController.swift in Sources */,
				4AB40085298FD09B008E02F8 /* MainAssembly.swift in Sources */,
				4AB4008B298FD435008E02F8 /* ExtensionUIImage.swift in Sources */,
			);
			runOnlyForDeploymentPostprocessing = 0;
		};
/* End PBXSourcesBuildPhase section */

/* Begin PBXVariantGroup section */
		4AB40067298FCE12008E02F8 /* LaunchScreen.storyboard */ = {
			isa = PBXVariantGroup;
			children = (
				4AB40068298FCE12008E02F8 /* Base */,
			);
			name = LaunchScreen.storyboard;
			sourceTree = "<group>";
		};
/* End PBXVariantGroup section */

/* Begin XCBuildConfiguration section */
		4AB4006B298FCE12008E02F8 /* Debug */ = {
			isa = XCBuildConfiguration;
			buildSettings = {
				ALWAYS_SEARCH_USER_PATHS = NO;
				CLANG_ANALYZER_NONNULL = YES;
				CLANG_ANALYZER_NUMBER_OBJECT_CONVERSION = YES_AGGRESSIVE;
				CLANG_CXX_LANGUAGE_STANDARD = "gnu++20";
				CLANG_ENABLE_MODULES = YES;
				CLANG_ENABLE_OBJC_ARC = YES;
				CLANG_ENABLE_OBJC_WEAK = YES;
				CLANG_WARN_BLOCK_CAPTURE_AUTORELEASING = YES;
				CLANG_WARN_BOOL_CONVERSION = YES;
				CLANG_WARN_COMMA = YES;
				CLANG_WARN_CONSTANT_CONVERSION = YES;
				CLANG_WARN_DEPRECATED_OBJC_IMPLEMENTATIONS = YES;
				CLANG_WARN_DIRECT_OBJC_ISA_USAGE = YES_ERROR;
				CLANG_WARN_DOCUMENTATION_COMMENTS = YES;
				CLANG_WARN_EMPTY_BODY = YES;
				CLANG_WARN_ENUM_CONVERSION = YES;
				CLANG_WARN_INFINITE_RECURSION = YES;
				CLANG_WARN_INT_CONVERSION = YES;
				CLANG_WARN_NON_LITERAL_NULL_CONVERSION = YES;
				CLANG_WARN_OBJC_IMPLICIT_RETAIN_SELF = YES;
				CLANG_WARN_OBJC_LITERAL_CONVERSION = YES;
				CLANG_WARN_OBJC_ROOT_CLASS = YES_ERROR;
				CLANG_WARN_QUOTED_INCLUDE_IN_FRAMEWORK_HEADER = YES;
				CLANG_WARN_RANGE_LOOP_ANALYSIS = YES;
				CLANG_WARN_STRICT_PROTOTYPES = YES;
				CLANG_WARN_SUSPICIOUS_MOVE = YES;
				CLANG_WARN_UNGUARDED_AVAILABILITY = YES_AGGRESSIVE;
				CLANG_WARN_UNREACHABLE_CODE = YES;
				CLANG_WARN__DUPLICATE_METHOD_MATCH = YES;
				COPY_PHASE_STRIP = NO;
				DEBUG_INFORMATION_FORMAT = dwarf;
				ENABLE_STRICT_OBJC_MSGSEND = YES;
				ENABLE_TESTABILITY = YES;
				GCC_C_LANGUAGE_STANDARD = gnu11;
				GCC_DYNAMIC_NO_PIC = NO;
				GCC_NO_COMMON_BLOCKS = YES;
				GCC_OPTIMIZATION_LEVEL = 0;
				GCC_PREPROCESSOR_DEFINITIONS = (
					"DEBUG=1",
					"$(inherited)",
				);
				GCC_WARN_64_TO_32_BIT_CONVERSION = YES;
				GCC_WARN_ABOUT_RETURN_TYPE = YES_ERROR;
				GCC_WARN_UNDECLARED_SELECTOR = YES;
				GCC_WARN_UNINITIALIZED_AUTOS = YES_AGGRESSIVE;
				GCC_WARN_UNUSED_FUNCTION = YES;
				GCC_WARN_UNUSED_VARIABLE = YES;
				IPHONEOS_DEPLOYMENT_TARGET = 16.1;
				MTL_ENABLE_DEBUG_INFO = INCLUDE_SOURCE;
				MTL_FAST_MATH = YES;
				ONLY_ACTIVE_ARCH = YES;
				SDKROOT = iphoneos;
				SWIFT_ACTIVE_COMPILATION_CONDITIONS = DEBUG;
				SWIFT_OPTIMIZATION_LEVEL = "-Onone";
			};
			name = Debug;
		};
		4AB4006C298FCE12008E02F8 /* Release */ = {
			isa = XCBuildConfiguration;
			buildSettings = {
				ALWAYS_SEARCH_USER_PATHS = NO;
				CLANG_ANALYZER_NONNULL = YES;
				CLANG_ANALYZER_NUMBER_OBJECT_CONVERSION = YES_AGGRESSIVE;
				CLANG_CXX_LANGUAGE_STANDARD = "gnu++20";
				CLANG_ENABLE_MODULES = YES;
				CLANG_ENABLE_OBJC_ARC = YES;
				CLANG_ENABLE_OBJC_WEAK = YES;
				CLANG_WARN_BLOCK_CAPTURE_AUTORELEASING = YES;
				CLANG_WARN_BOOL_CONVERSION = YES;
				CLANG_WARN_COMMA = YES;
				CLANG_WARN_CONSTANT_CONVERSION = YES;
				CLANG_WARN_DEPRECATED_OBJC_IMPLEMENTATIONS = YES;
				CLANG_WARN_DIRECT_OBJC_ISA_USAGE = YES_ERROR;
				CLANG_WARN_DOCUMENTATION_COMMENTS = YES;
				CLANG_WARN_EMPTY_BODY = YES;
				CLANG_WARN_ENUM_CONVERSION = YES;
				CLANG_WARN_INFINITE_RECURSION = YES;
				CLANG_WARN_INT_CONVERSION = YES;
				CLANG_WARN_NON_LITERAL_NULL_CONVERSION = YES;
				CLANG_WARN_OBJC_IMPLICIT_RETAIN_SELF = YES;
				CLANG_WARN_OBJC_LITERAL_CONVERSION = YES;
				CLANG_WARN_OBJC_ROOT_CLASS = YES_ERROR;
				CLANG_WARN_QUOTED_INCLUDE_IN_FRAMEWORK_HEADER = YES;
				CLANG_WARN_RANGE_LOOP_ANALYSIS = YES;
				CLANG_WARN_STRICT_PROTOTYPES = YES;
				CLANG_WARN_SUSPICIOUS_MOVE = YES;
				CLANG_WARN_UNGUARDED_AVAILABILITY = YES_AGGRESSIVE;
				CLANG_WARN_UNREACHABLE_CODE = YES;
				CLANG_WARN__DUPLICATE_METHOD_MATCH = YES;
				COPY_PHASE_STRIP = NO;
				DEBUG_INFORMATION_FORMAT = "dwarf-with-dsym";
				ENABLE_NS_ASSERTIONS = NO;
				ENABLE_STRICT_OBJC_MSGSEND = YES;
				GCC_C_LANGUAGE_STANDARD = gnu11;
				GCC_NO_COMMON_BLOCKS = YES;
				GCC_WARN_64_TO_32_BIT_CONVERSION = YES;
				GCC_WARN_ABOUT_RETURN_TYPE = YES_ERROR;
				GCC_WARN_UNDECLARED_SELECTOR = YES;
				GCC_WARN_UNINITIALIZED_AUTOS = YES_AGGRESSIVE;
				GCC_WARN_UNUSED_FUNCTION = YES;
				GCC_WARN_UNUSED_VARIABLE = YES;
				IPHONEOS_DEPLOYMENT_TARGET = 16.1;
				MTL_ENABLE_DEBUG_INFO = NO;
				MTL_FAST_MATH = YES;
				SDKROOT = iphoneos;
				SWIFT_COMPILATION_MODE = wholemodule;
				SWIFT_OPTIMIZATION_LEVEL = "-O";
				VALIDATE_PRODUCT = YES;
			};
			name = Release;
		};
		4AB4006E298FCE12008E02F8 /* Debug */ = {
			isa = XCBuildConfiguration;
			buildSettings = {
				ASSETCATALOG_COMPILER_APPICON_NAME = AppIcon;
				ASSETCATALOG_COMPILER_GLOBAL_ACCENT_COLOR_NAME = AccentColor;
				CODE_SIGN_STYLE = Automatic;
				CURRENT_PROJECT_VERSION = 1;
				DEVELOPMENT_TEAM = GX5Y7LCPJ3;
				GENERATE_INFOPLIST_FILE = YES;
				INFOPLIST_FILE = "Proj on core data/Info.plist";
				INFOPLIST_KEY_UIApplicationSupportsIndirectInputEvents = YES;
				INFOPLIST_KEY_UILaunchStoryboardName = LaunchScreen;
				INFOPLIST_KEY_UISupportedInterfaceOrientations_iPad = "UIInterfaceOrientationPortrait UIInterfaceOrientationPortraitUpsideDown UIInterfaceOrientationLandscapeLeft UIInterfaceOrientationLandscapeRight";
				INFOPLIST_KEY_UISupportedInterfaceOrientations_iPhone = "UIInterfaceOrientationPortrait UIInterfaceOrientationLandscapeLeft UIInterfaceOrientationLandscapeRight";
				LD_RUNPATH_SEARCH_PATHS = (
					"$(inherited)",
					"@executable_path/Frameworks",
				);
				MARKETING_VERSION = 1.0;
				PRODUCT_BUNDLE_IDENTIFIER = "-2.Proj-on-core-data";
				PRODUCT_NAME = "$(TARGET_NAME)";
				SWIFT_EMIT_LOC_STRINGS = YES;
				SWIFT_VERSION = 5.0;
				TARGETED_DEVICE_FAMILY = "1,2";
			};
			name = Debug;
		};
		4AB4006F298FCE12008E02F8 /* Release */ = {
			isa = XCBuildConfiguration;
			buildSettings = {
				ASSETCATALOG_COMPILER_APPICON_NAME = AppIcon;
				ASSETCATALOG_COMPILER_GLOBAL_ACCENT_COLOR_NAME = AccentColor;
				CODE_SIGN_STYLE = Automatic;
				CURRENT_PROJECT_VERSION = 1;
				DEVELOPMENT_TEAM = GX5Y7LCPJ3;
				GENERATE_INFOPLIST_FILE = YES;
				INFOPLIST_FILE = "Proj on core data/Info.plist";
				INFOPLIST_KEY_UIApplicationSupportsIndirectInputEvents = YES;
				INFOPLIST_KEY_UILaunchStoryboardName = LaunchScreen;
				INFOPLIST_KEY_UISupportedInterfaceOrientations_iPad = "UIInterfaceOrientationPortrait UIInterfaceOrientationPortraitUpsideDown UIInterfaceOrientationLandscapeLeft UIInterfaceOrientationLandscapeRight";
				INFOPLIST_KEY_UISupportedInterfaceOrientations_iPhone = "UIInterfaceOrientationPortrait UIInterfaceOrientationLandscapeLeft UIInterfaceOrientationLandscapeRight";
				LD_RUNPATH_SEARCH_PATHS = (
					"$(inherited)",
					"@executable_path/Frameworks",
				);
				MARKETING_VERSION = 1.0;
				PRODUCT_BUNDLE_IDENTIFIER = "-2.Proj-on-core-data";
				PRODUCT_NAME = "$(TARGET_NAME)";
				SWIFT_EMIT_LOC_STRINGS = YES;
				SWIFT_VERSION = 5.0;
				TARGETED_DEVICE_FAMILY = "1,2";
			};
			name = Release;
		};
/* End XCBuildConfiguration section */

/* Begin XCConfigurationList section */
		4AB40051298FCE10008E02F8 /* Build configuration list for PBXProject "NewsAppForTinkoffTrainee" */ = {
			isa = XCConfigurationList;
			buildConfigurations = (
				4AB4006B298FCE12008E02F8 /* Debug */,
				4AB4006C298FCE12008E02F8 /* Release */,
			);
			defaultConfigurationIsVisible = 0;
			defaultConfigurationName = Release;
		};
		4AB4006D298FCE12008E02F8 /* Build configuration list for PBXNativeTarget "NewsAppForTinkoffTrainee" */ = {
			isa = XCConfigurationList;
			buildConfigurations = (
				4AB4006E298FCE12008E02F8 /* Debug */,
				4AB4006F298FCE12008E02F8 /* Release */,
			);
			defaultConfigurationIsVisible = 0;
			defaultConfigurationName = Release;
		};
/* End XCConfigurationList section */

/* Begin XCVersionGroup section */
		4AB40062298FCE10008E02F8 /* Proj_on_core_data.xcdatamodeld */ = {
			isa = XCVersionGroup;
			children = (
				4AB40063298FCE10008E02F8 /* Proj_on_core_data.xcdatamodel */,
			);
			currentVersion = 4AB40063298FCE10008E02F8 /* Proj_on_core_data.xcdatamodel */;
			path = Proj_on_core_data.xcdatamodeld;
			sourceTree = "<group>";
			versionGroupType = wrapper.xcdatamodel;
		};
/* End XCVersionGroup section */
	};
	rootObject = 4AB4004E298FCE10008E02F8 /* Project object */;
}
